
Microsoft Visual Studio Solution File, Format Version 12.00
# Visual Studio Version 17
VisualStudioVersion = 17.14.36121.58 d17.14
MinimumVisualStudioVersion = 10.0.40219.1
Project("{FAE04EC0-301F-11D3-BF4B-00C04F79EFBC}") = "HRManagement.Api", "HRManagement.Api\HRManagement.Api.csproj", "{F3AA9131-11F7-4D17-A951-95D30772458A}"
EndProject
Project("{FAE04EC0-301F-11D3-BF4B-00C04F79EFBC}") = "HRManagement.Application", "HRManagement.Application\HRManagement.Application.csproj", "{99226FEF-26E4-48C2-B8D1-BDD623F2F4C9}"
EndProject
Project("{FAE04EC0-301F-11D3-BF4B-00C04F79EFBC}") = "HRManagement.Domain", "HRManagement.Domain\HRManagement.Domain.csproj", "{11A3EAC5-98A1-4FF7-BECD-9B4F2F638303}"
EndProject
Project("{FAE04EC0-301F-11D3-BF4B-00C04F79EFBC}") = "HRManagement.Infrastructure", "HRManagement.Infrastructure\HRManagement.Infrastructure.csproj", "{7D6883A4-1AD9-4643-B99F-90CA6904148E}"
EndProject
Project("{FAE04EC0-301F-11D3-BF4B-00C04F79EFBC}") = "HRManagement.Tests", "HRManagement.Tests\HRManagement.Tests.csproj", "{86E1C0B9-9D10-49DA-BD30-B547D9E80AC5}"
EndProject
Global
	GlobalSection(SolutionConfigurationPlatforms) = preSolution
		Debug|Any CPU = Debug|Any CPU
		Release|Any CPU = Release|Any CPU
	EndGlobalSection
	GlobalSection(ProjectConfigurationPlatforms) = postSolution
		{F3AA9131-11F7-4D17-A951-95D30772458A}.Debug|Any CPU.ActiveCfg = Debug|Any CPU
		{F3AA9131-11F7-4D17-A951-95D30772458A}.Debug|Any CPU.Build.0 = Debug|Any CPU
		{F3AA9131-11F7-4D17-A951-95D30772458A}.Release|Any CPU.ActiveCfg = Release|Any CPU
		{F3AA9131-11F7-4D17-A951-95D30772458A}.Release|Any CPU.Build.0 = Release|Any CPU
		{99226FEF-26E4-48C2-B8D1-BDD623F2F4C9}.Debug|Any CPU.ActiveCfg = Debug|Any CPU
		{99226FEF-26E4-48C2-B8D1-BDD623F2F4C9}.Debug|Any CPU.Build.0 = Debug|Any CPU
		{99226FEF-26E4-48C2-B8D1-BDD623F2F4C9}.Release|Any CPU.ActiveCfg = Release|Any CPU
		{99226FEF-26E4-48C2-B8D1-BDD623F2F4C9}.Release|Any CPU.Build.0 = Release|Any CPU
		{11A3EAC5-98A1-4FF7-BECD-9B4F2F638303}.Debug|Any CPU.ActiveCfg = Debug|Any CPU
		{11A3EAC5-98A1-4FF7-BECD-9B4F2F638303}.Debug|Any CPU.Build.0 = Debug|Any CPU
		{11A3EAC5-98A1-4FF7-BECD-9B4F2F638303}.Release|Any CPU.ActiveCfg = Release|Any CPU
		{11A3EAC5-98A1-4FF7-BECD-9B4F2F638303}.Release|Any CPU.Build.0 = Release|Any CPU
		{7D6883A4-1AD9-4643-B99F-90CA6904148E}.Debug|Any CPU.ActiveCfg = Debug|Any CPU
		{7D6883A4-1AD9-4643-B99F-90CA6904148E}.Debug|Any CPU.Build.0 = Debug|Any CPU
		{7D6883A4-1AD9-4643-B99F-90CA6904148E}.Release|Any CPU.ActiveCfg = Release|Any CPU
		{7D6883A4-1AD9-4643-B99F-90CA6904148E}.Release|Any CPU.Build.0 = Release|Any CPU
		{86E1C0B9-9D10-49DA-BD30-B547D9E80AC5}.Debug|Any CPU.ActiveCfg = Debug|Any CPU
		{86E1C0B9-9D10-49DA-BD30-B547D9E80AC5}.Debug|Any CPU.Build.0 = Debug|Any CPU
		{86E1C0B9-9D10-49DA-BD30-B547D9E80AC5}.Release|Any CPU.ActiveCfg = Release|Any CPU
		{86E1C0B9-9D10-49DA-BD30-B547D9E80AC5}.Release|Any CPU.Build.0 = Release|Any CPU
	EndGlobalSection
	GlobalSection(SolutionProperties) = preSolution
		HideSolutionNode = FALSE
	EndGlobalSection
	GlobalSection(ExtensibilityGlobals) = postSolution
		SolutionGuid = {02B66204-E973-45E2-9486-0393190CC89E}
	EndGlobalSection
EndGlobal
